# This file is automatically @generated by Cargo.
# It is not intended for manual editing.
version = 3

[[package]]
name = "dep-1"
version = "1.23.3"

[[package]]
name = "lib-1"
version = "1.23.3"
dependencies = [
 "dep-1",
]

[[package]]
name = "lib-2"
version = "1.23.3"
dependencies = [
 "dep-1",
]
